// !$*UTF8*$!
{
	archiveVersion = 1;
	classes = {
	};
	objectVersion = 46;
	objects = {

/* Begin PBXBuildFile section */
		02283443C3B21054ACB12005 /* Pods_RxGrailed.framework in Frameworks */ = {isa = PBXBuildFile; fileRef = A70EC920A4D6715E4CADFC74 /* Pods_RxGrailed.framework */; };
		A430AB0D1E6233AC00E0C656 /* Kingfisher+Rx.swift in Sources */ = {isa = PBXBuildFile; fileRef = A430AB0C1E6233AC00E0C656 /* Kingfisher+Rx.swift */; };
		A430AB0F1E62342500E0C656 /* ListingViewModel.swift in Sources */ = {isa = PBXBuildFile; fileRef = A430AB0E1E62342500E0C656 /* ListingViewModel.swift */; };
		A430AB111E623BF400E0C656 /* UIScrollView+IsNearBottom.swift in Sources */ = {isa = PBXBuildFile; fileRef = A430AB101E623BF400E0C656 /* UIScrollView+IsNearBottom.swift */; };
		A430AB131E624F5D00E0C656 /* ListingDetailViewController.swift in Sources */ = {isa = PBXBuildFile; fileRef = A430AB121E624F5D00E0C656 /* ListingDetailViewController.swift */; };
		A430AB161E6257D800E0C656 /* AppCoordinator.swift in Sources */ = {isa = PBXBuildFile; fileRef = A430AB151E6257D800E0C656 /* AppCoordinator.swift */; };
		A430AB181E6258AC00E0C656 /* UIStoryboard+RxGrailed.swift in Sources */ = {isa = PBXBuildFile; fileRef = A430AB171E6258AC00E0C656 /* UIStoryboard+RxGrailed.swift */; };
		A430AB1A1E62650C00E0C656 /* Array+Safe.swift in Sources */ = {isa = PBXBuildFile; fileRef = A430AB191E62650C00E0C656 /* Array+Safe.swift */; };
		A430AB1C1E6266AF00E0C656 /* UIViewController+RxSegues.swift in Sources */ = {isa = PBXBuildFile; fileRef = A430AB1B1E6266AF00E0C656 /* UIViewController+RxSegues.swift */; };
		A4A395591E61E91100C06A89 /* AppDelegate.swift in Sources */ = {isa = PBXBuildFile; fileRef = A4A395581E61E91100C06A89 /* AppDelegate.swift */; };
		A4A3955B1E61E91100C06A89 /* ListingsViewController.swift in Sources */ = {isa = PBXBuildFile; fileRef = A4A3955A1E61E91100C06A89 /* ListingsViewController.swift */; };
		A4A3955E1E61E91100C06A89 /* Main.storyboard in Resources */ = {isa = PBXBuildFile; fileRef = A4A3955C1E61E91100C06A89 /* Main.storyboard */; };
		A4A395601E61E91100C06A89 /* Assets.xcassets in Resources */ = {isa = PBXBuildFile; fileRef = A4A3955F1E61E91100C06A89 /* Assets.xcassets */; };
		A4A395631E61E91100C06A89 /* LaunchScreen.storyboard in Resources */ = {isa = PBXBuildFile; fileRef = A4A395611E61E91100C06A89 /* LaunchScreen.storyboard */; };
		A4A3956E1E61E91100C06A89 /* RxGrailedTests.swift in Sources */ = {isa = PBXBuildFile; fileRef = A4A3956D1E61E91100C06A89 /* RxGrailedTests.swift */; };
		A4A395801E61ECA000C06A89 /* GrailedNetworkModel.swift in Sources */ = {isa = PBXBuildFile; fileRef = A4A3957F1E61ECA000C06A89 /* GrailedNetworkModel.swift */; };
		A4A395821E62086000C06A89 /* Listing.swift in Sources */ = {isa = PBXBuildFile; fileRef = A4A395811E62086000C06A89 /* Listing.swift */; };
		A4A395851E6214F200C06A89 /* Algolia+RxSwift.swift in Sources */ = {isa = PBXBuildFile; fileRef = A4A395841E6214F200C06A89 /* Algolia+RxSwift.swift */; };
		A4A395871E62275400C06A89 /* ListingCollectionViewCell.swift in Sources */ = {isa = PBXBuildFile; fileRef = A4A395861E62275400C06A89 /* ListingCollectionViewCell.swift */; };
		A4A395891E62305F00C06A89 /* ListingsViewModel.swift in Sources */ = {isa = PBXBuildFile; fileRef = A4A395881E62305F00C06A89 /* ListingsViewModel.swift */; };
		BDD8B2B9D219FAA4585FDE1A /* Pods_RxGrailedTests.framework in Frameworks */ = {isa = PBXBuildFile; fileRef = 82810BC66273B429DCDB2947 /* Pods_RxGrailedTests.framework */; };
/* End PBXBuildFile section */

/* Begin PBXContainerItemProxy section */
		A4A3956A1E61E91100C06A89 /* PBXContainerItemProxy */ = {
			isa = PBXContainerItemProxy;
			containerPortal = A4A3954D1E61E91000C06A89 /* Project object */;
			proxyType = 1;
			remoteGlobalIDString = A4A395541E61E91000C06A89;
			remoteInfo = RxGrailed;
		};
/* End PBXContainerItemProxy section */

/* Begin PBXFileReference section */
		5504A1943AD4A4D7C81796AD /* Pods-RxGrailed.release.xcconfig */ = {isa = PBXFileReference; includeInIndex = 1; lastKnownFileType = text.xcconfig; name = "Pods-RxGrailed.release.xcconfig"; path = "Pods/Target Support Files/Pods-RxGrailed/Pods-RxGrailed.release.xcconfig"; sourceTree = "<group>"; };
		63E97F05B349CD7EBE70FE48 /* Pods-RxGrailed.debug.xcconfig */ = {isa = PBXFileReference; includeInIndex = 1; lastKnownFileType = text.xcconfig; name = "Pods-RxGrailed.debug.xcconfig"; path = "Pods/Target Support Files/Pods-RxGrailed/Pods-RxGrailed.debug.xcconfig"; sourceTree = "<group>"; };
		82810BC66273B429DCDB2947 /* Pods_RxGrailedTests.framework */ = {isa = PBXFileReference; explicitFileType = wrapper.framework; includeInIndex = 0; path = Pods_RxGrailedTests.framework; sourceTree = BUILT_PRODUCTS_DIR; };
		9FBB6104F66DEB28F4FC3737 /* Pods-RxGrailedTests.debug.xcconfig */ = {isa = PBXFileReference; includeInIndex = 1; lastKnownFileType = text.xcconfig; name = "Pods-RxGrailedTests.debug.xcconfig"; path = "Pods/Target Support Files/Pods-RxGrailedTests/Pods-RxGrailedTests.debug.xcconfig"; sourceTree = "<group>"; };
		A430AB0C1E6233AC00E0C656 /* Kingfisher+Rx.swift */ = {isa = PBXFileReference; fileEncoding = 4; lastKnownFileType = sourcecode.swift; path = "Kingfisher+Rx.swift"; sourceTree = "<group>"; };
		A430AB0E1E62342500E0C656 /* ListingViewModel.swift */ = {isa = PBXFileReference; fileEncoding = 4; lastKnownFileType = sourcecode.swift; name = ListingViewModel.swift; path = ListingViewModel.swift; sourceTree = "<group>"; };
		A430AB101E623BF400E0C656 /* UIScrollView+IsNearBottom.swift */ = {isa = PBXFileReference; fileEncoding = 4; lastKnownFileType = sourcecode.swift; path = "UIScrollView+IsNearBottom.swift"; sourceTree = "<group>"; };
		A430AB121E624F5D00E0C656 /* ListingDetailViewController.swift */ = {isa = PBXFileReference; fileEncoding = 4; lastKnownFileType = sourcecode.swift; path = ListingDetailViewController.swift; sourceTree = "<group>"; };
		A430AB151E6257D800E0C656 /* AppCoordinator.swift */ = {isa = PBXFileReference; fileEncoding = 4; lastKnownFileType = sourcecode.swift; path = AppCoordinator.swift; sourceTree = "<group>"; };
		A430AB171E6258AC00E0C656 /* UIStoryboard+RxGrailed.swift */ = {isa = PBXFileReference; fileEncoding = 4; lastKnownFileType = sourcecode.swift; path = "UIStoryboard+RxGrailed.swift"; sourceTree = "<group>"; };
		A430AB191E62650C00E0C656 /* Array+Safe.swift */ = {isa = PBXFileReference; fileEncoding = 4; lastKnownFileType = sourcecode.swift; path = "Array+Safe.swift"; sourceTree = "<group>"; };
		A430AB1B1E6266AF00E0C656 /* UIViewController+RxSegues.swift */ = {isa = PBXFileReference; fileEncoding = 4; lastKnownFileType = sourcecode.swift; path = "UIViewController+RxSegues.swift"; sourceTree = "<group>"; };
		A4A395551E61E91100C06A89 /* RxGrailed.app */ = {isa = PBXFileReference; explicitFileType = wrapper.application; includeInIndex = 0; path = RxGrailed.app; sourceTree = BUILT_PRODUCTS_DIR; };
		A4A395581E61E91100C06A89 /* AppDelegate.swift */ = {isa = PBXFileReference; lastKnownFileType = sourcecode.swift; path = AppDelegate.swift; sourceTree = "<group>"; };
		A4A3955A1E61E91100C06A89 /* ListingsViewController.swift */ = {isa = PBXFileReference; lastKnownFileType = sourcecode.swift; path = ListingsViewController.swift; sourceTree = "<group>"; };
		A4A3955D1E61E91100C06A89 /* Base */ = {isa = PBXFileReference; lastKnownFileType = file.storyboard; name = Base; path = Base.lproj/Main.storyboard; sourceTree = "<group>"; };
		A4A3955F1E61E91100C06A89 /* Assets.xcassets */ = {isa = PBXFileReference; lastKnownFileType = folder.assetcatalog; path = Assets.xcassets; sourceTree = "<group>"; };
		A4A395621E61E91100C06A89 /* Base */ = {isa = PBXFileReference; lastKnownFileType = file.storyboard; name = Base; path = Base.lproj/LaunchScreen.storyboard; sourceTree = "<group>"; };
		A4A395641E61E91100C06A89 /* Info.plist */ = {isa = PBXFileReference; lastKnownFileType = text.plist.xml; path = Info.plist; sourceTree = "<group>"; };
		A4A395691E61E91100C06A89 /* RxGrailedTests.xctest */ = {isa = PBXFileReference; explicitFileType = wrapper.cfbundle; includeInIndex = 0; path = RxGrailedTests.xctest; sourceTree = BUILT_PRODUCTS_DIR; };
		A4A3956D1E61E91100C06A89 /* RxGrailedTests.swift */ = {isa = PBXFileReference; lastKnownFileType = sourcecode.swift; path = RxGrailedTests.swift; sourceTree = "<group>"; };
		A4A3956F1E61E91100C06A89 /* Info.plist */ = {isa = PBXFileReference; lastKnownFileType = text.plist.xml; path = Info.plist; sourceTree = "<group>"; };
		A4A3957F1E61ECA000C06A89 /* GrailedNetworkModel.swift */ = {isa = PBXFileReference; fileEncoding = 4; lastKnownFileType = sourcecode.swift; name = GrailedNetworkModel.swift; path = GrailedNetworkModel.swift; sourceTree = "<group>"; };
		A4A395811E62086000C06A89 /* Listing.swift */ = {isa = PBXFileReference; fileEncoding = 4; lastKnownFileType = sourcecode.swift; name = Listing.swift; path = Listing.swift; sourceTree = "<group>"; };
		A4A395841E6214F200C06A89 /* Algolia+RxSwift.swift */ = {isa = PBXFileReference; fileEncoding = 4; lastKnownFileType = sourcecode.swift; path = "Algolia+RxSwift.swift"; sourceTree = "<group>"; };
		A4A395861E62275400C06A89 /* ListingCollectionViewCell.swift */ = {isa = PBXFileReference; fileEncoding = 4; lastKnownFileType = sourcecode.swift; name = ListingCollectionViewCell.swift; path = ListingCollectionViewCell.swift; sourceTree = "<group>"; };
		A4A395881E62305F00C06A89 /* ListingsViewModel.swift */ = {isa = PBXFileReference; fileEncoding = 4; lastKnownFileType = sourcecode.swift; name = ListingsViewModel.swift; path = ListingsViewModel.swift; sourceTree = "<group>"; };
		A70EC920A4D6715E4CADFC74 /* Pods_RxGrailed.framework */ = {isa = PBXFileReference; explicitFileType = wrapper.framework; includeInIndex = 0; path = Pods_RxGrailed.framework; sourceTree = BUILT_PRODUCTS_DIR; };
		FEFDACFB632659EEE13844E2 /* Pods-RxGrailedTests.release.xcconfig */ = {isa = PBXFileReference; includeInIndex = 1; lastKnownFileType = text.xcconfig; name = "Pods-RxGrailedTests.release.xcconfig"; path = "Pods/Target Support Files/Pods-RxGrailedTests/Pods-RxGrailedTests.release.xcconfig"; sourceTree = "<group>"; };
/* End PBXFileReference section */

/* Begin PBXFrameworksBuildPhase section */
		A4A395521E61E91000C06A89 /* Frameworks */ = {
			isa = PBXFrameworksBuildPhase;
			buildActionMask = 2147483647;
			files = (
				02283443C3B21054ACB12005 /* Pods_RxGrailed.framework in Frameworks */,
			);
			runOnlyForDeploymentPostprocessing = 0;
		};
		A4A395661E61E91100C06A89 /* Frameworks */ = {
			isa = PBXFrameworksBuildPhase;
			buildActionMask = 2147483647;
			files = (
				BDD8B2B9D219FAA4585FDE1A /* Pods_RxGrailedTests.framework in Frameworks */,
			);
			runOnlyForDeploymentPostprocessing = 0;
		};
/* End PBXFrameworksBuildPhase section */

/* Begin PBXGroup section */
		A430AB141E6257BF00E0C656 /* Coordinators */ = {
			isa = PBXGroup;
			children = (
				A430AB151E6257D800E0C656 /* AppCoordinator.swift */,
			);
			name = Coordinators;
			path = Coordinators;
			sourceTree = "<group>";
		};
		A4A3954C1E61E91000C06A89 = {
			isa = PBXGroup;
			children = (
				FE73F80EDA5C0E6718DC93CB /* Frameworks */,
				DD08D58F20F0A98A1678DFC5 /* Pods */,
				A4A395561E61E91100C06A89 /* Products */,
				A4A395571E61E91100C06A89 /* RxGrailed */,
				A4A3956C1E61E91100C06A89 /* RxGrailedTests */,
			);
			sourceTree = "<group>";
		};
		A4A395561E61E91100C06A89 /* Products */ = {
			isa = PBXGroup;
			children = (
				A4A395551E61E91100C06A89 /* RxGrailed.app */,
				A4A395691E61E91100C06A89 /* RxGrailedTests.xctest */,
			);
			name = Products;
			sourceTree = "<group>";
		};
		A4A395571E61E91100C06A89 /* RxGrailed */ = {
			isa = PBXGroup;
			children = (
				A4A395781E61E95700C06A89 /* App */,
				A430AB141E6257BF00E0C656 /* Coordinators */,
				A4A395831E62149C00C06A89 /* Extensions */,
				A4A3957A1E61E96100C06A89 /* Models */,
				A4A3957E1E61E97E00C06A89 /* NetworkModels */,
				A4A395791E61E95B00C06A89 /* Resources */,
				A4A3957D1E61E97900C06A89 /* ViewControllers */,
				A4A3957C1E61E96B00C06A89 /* ViewModels */,
				A4A3957B1E61E96600C06A89 /* Views */,
			);
			path = RxGrailed;
			sourceTree = "<group>";
		};
		A4A3956C1E61E91100C06A89 /* RxGrailedTests */ = {
			isa = PBXGroup;
			children = (
				A4A3956F1E61E91100C06A89 /* Info.plist */,
				A4A3956D1E61E91100C06A89 /* RxGrailedTests.swift */,
			);
			path = RxGrailedTests;
			sourceTree = "<group>";
		};
		A4A395781E61E95700C06A89 /* App */ = {
			isa = PBXGroup;
			children = (
				A4A395581E61E91100C06A89 /* AppDelegate.swift */,
			);
			path = App;
			sourceTree = "<group>";
		};
		A4A395791E61E95B00C06A89 /* Resources */ = {
			isa = PBXGroup;
			children = (
				A4A3955F1E61E91100C06A89 /* Assets.xcassets */,
				A4A395641E61E91100C06A89 /* Info.plist */,
				A4A395611E61E91100C06A89 /* LaunchScreen.storyboard */,
				A4A3955C1E61E91100C06A89 /* Main.storyboard */,
			);
			path = Resources;
			sourceTree = "<group>";
		};
		A4A3957A1E61E96100C06A89 /* Models */ = {
			isa = PBXGroup;
			children = (
				A4A395811E62086000C06A89 /* Listing.swift */,
			);
			path = Models;
			sourceTree = "<group>";
		};
		A4A3957B1E61E96600C06A89 /* Views */ = {
			isa = PBXGroup;
			children = (
				A4A395861E62275400C06A89 /* ListingCollectionViewCell.swift */,
			);
			path = Views;
			sourceTree = "<group>";
		};
		A4A3957C1E61E96B00C06A89 /* ViewModels */ = {
			isa = PBXGroup;
			children = (
				A430AB0E1E62342500E0C656 /* ListingViewModel.swift */,
				A4A395881E62305F00C06A89 /* ListingsViewModel.swift */,
			);
			path = ViewModels;
			sourceTree = "<group>";
		};
		A4A3957D1E61E97900C06A89 /* ViewControllers */ = {
			isa = PBXGroup;
			children = (
				A430AB121E624F5D00E0C656 /* ListingDetailViewController.swift */,
				A4A3955A1E61E91100C06A89 /* ListingsViewController.swift */,
			);
			path = ViewControllers;
			sourceTree = "<group>";
		};
		A4A3957E1E61E97E00C06A89 /* NetworkModels */ = {
			isa = PBXGroup;
			children = (
				A4A3957F1E61ECA000C06A89 /* GrailedNetworkModel.swift */,
			);
			path = NetworkModels;
			sourceTree = "<group>";
		};
		A4A395831E62149C00C06A89 /* Extensions */ = {
			isa = PBXGroup;
			children = (
				A4A395841E6214F200C06A89 /* Algolia+RxSwift.swift */,
				A430AB191E62650C00E0C656 /* Array+Safe.swift */,
				A430AB0C1E6233AC00E0C656 /* Kingfisher+Rx.swift */,
				A430AB101E623BF400E0C656 /* UIScrollView+IsNearBottom.swift */,
				A430AB171E6258AC00E0C656 /* UIStoryboard+RxGrailed.swift */,
				A430AB1B1E6266AF00E0C656 /* UIViewController+RxSegues.swift */,
			);
			name = Extensions;
			path = Extensions;
			sourceTree = "<group>";
		};
		DD08D58F20F0A98A1678DFC5 /* Pods */ = {
			isa = PBXGroup;
			children = (
				63E97F05B349CD7EBE70FE48 /* Pods-RxGrailed.debug.xcconfig */,
				5504A1943AD4A4D7C81796AD /* Pods-RxGrailed.release.xcconfig */,
				9FBB6104F66DEB28F4FC3737 /* Pods-RxGrailedTests.debug.xcconfig */,
				FEFDACFB632659EEE13844E2 /* Pods-RxGrailedTests.release.xcconfig */,
			);
			name = Pods;
			sourceTree = "<group>";
		};
		FE73F80EDA5C0E6718DC93CB /* Frameworks */ = {
			isa = PBXGroup;
			children = (
				A70EC920A4D6715E4CADFC74 /* Pods_RxGrailed.framework */,
				82810BC66273B429DCDB2947 /* Pods_RxGrailedTests.framework */,
			);
			name = Frameworks;
			sourceTree = "<group>";
		};
/* End PBXGroup section */

/* Begin PBXNativeTarget section */
		A4A395541E61E91000C06A89 /* RxGrailed */ = {
			isa = PBXNativeTarget;
			buildConfigurationList = A4A395721E61E91100C06A89 /* Build configuration list for PBXNativeTarget "RxGrailed" */;
			buildPhases = (
				2BDD5286D962DEBB682FB9DF /* [CP] Check Pods Manifest.lock */,
				A4A395511E61E91000C06A89 /* Sources */,
				A4A395521E61E91000C06A89 /* Frameworks */,
				A4A395531E61E91000C06A89 /* Resources */,
				245308957D1DA90D57E7285D /* [CP] Embed Pods Frameworks */,
				C05F39397CF56788C30D2A70 /* [CP] Copy Pods Resources */,
			);
			buildRules = (
			);
			dependencies = (
			);
			name = RxGrailed;
			productName = RxGrailed;
			productReference = A4A395551E61E91100C06A89 /* RxGrailed.app */;
			productType = "com.apple.product-type.application";
		};
		A4A395681E61E91100C06A89 /* RxGrailedTests */ = {
			isa = PBXNativeTarget;
			buildConfigurationList = A4A395751E61E91100C06A89 /* Build configuration list for PBXNativeTarget "RxGrailedTests" */;
			buildPhases = (
				6C3A977692CD6C7040B2DC77 /* [CP] Check Pods Manifest.lock */,
				A4A395651E61E91100C06A89 /* Sources */,
				A4A395661E61E91100C06A89 /* Frameworks */,
				A4A395671E61E91100C06A89 /* Resources */,
				6DE0002E25C9FE6BA6599CF0 /* [CP] Embed Pods Frameworks */,
				99BD19BF1FB1C696BB4FB2A1 /* [CP] Copy Pods Resources */,
			);
			buildRules = (
			);
			dependencies = (
				A4A3956B1E61E91100C06A89 /* PBXTargetDependency */,
			);
			name = RxGrailedTests;
			productName = RxGrailedTests;
			productReference = A4A395691E61E91100C06A89 /* RxGrailedTests.xctest */;
			productType = "com.apple.product-type.bundle.unit-test";
		};
/* End PBXNativeTarget section */

/* Begin PBXProject section */
		A4A3954D1E61E91000C06A89 /* Project object */ = {
			isa = PBXProject;
			attributes = {
				LastSwiftUpdateCheck = 0820;
				LastUpgradeCheck = 0820;
				ORGANIZATIONNAME = Killectro;
				TargetAttributes = {
					A4A395541E61E91000C06A89 = {
						CreatedOnToolsVersion = 8.2.1;
						ProvisioningStyle = Automatic;
					};
					A4A395681E61E91100C06A89 = {
						CreatedOnToolsVersion = 8.2.1;
						ProvisioningStyle = Automatic;
						TestTargetID = A4A395541E61E91000C06A89;
					};
				};
			};
			buildConfigurationList = A4A395501E61E91000C06A89 /* Build configuration list for PBXProject "RxGrailed" */;
			compatibilityVersion = "Xcode 3.2";
			developmentRegion = English;
			hasScannedForEncodings = 0;
			knownRegions = (
				en,
				Base,
			);
			mainGroup = A4A3954C1E61E91000C06A89;
			productRefGroup = A4A395561E61E91100C06A89 /* Products */;
			projectDirPath = "";
			projectRoot = "";
			targets = (
				A4A395541E61E91000C06A89 /* RxGrailed */,
				A4A395681E61E91100C06A89 /* RxGrailedTests */,
			);
		};
/* End PBXProject section */

/* Begin PBXResourcesBuildPhase section */
		A4A395531E61E91000C06A89 /* Resources */ = {
			isa = PBXResourcesBuildPhase;
			buildActionMask = 2147483647;
			files = (
				A4A395631E61E91100C06A89 /* LaunchScreen.storyboard in Resources */,
				A4A395601E61E91100C06A89 /* Assets.xcassets in Resources */,
				A4A3955E1E61E91100C06A89 /* Main.storyboard in Resources */,
			);
			runOnlyForDeploymentPostprocessing = 0;
		};
		A4A395671E61E91100C06A89 /* Resources */ = {
			isa = PBXResourcesBuildPhase;
			buildActionMask = 2147483647;
			files = (
			);
			runOnlyForDeploymentPostprocessing = 0;
		};
/* End PBXResourcesBuildPhase section */

/* Begin PBXShellScriptBuildPhase section */
		245308957D1DA90D57E7285D /* [CP] Embed Pods Frameworks */ = {
			isa = PBXShellScriptBuildPhase;
			buildActionMask = 2147483647;
			files = (
			);
			inputPaths = (
			);
			name = "[CP] Embed Pods Frameworks";
			outputPaths = (
			);
			runOnlyForDeploymentPostprocessing = 0;
			shellPath = /bin/sh;
			shellScript = "\"${SRCROOT}/Pods/Target Support Files/Pods-RxGrailed/Pods-RxGrailed-frameworks.sh\"\n";
			showEnvVarsInLog = 0;
		};
		2BDD5286D962DEBB682FB9DF /* [CP] Check Pods Manifest.lock */ = {
			isa = PBXShellScriptBuildPhase;
			buildActionMask = 2147483647;
			files = (
			);
			inputPaths = (
			);
			name = "[CP] Check Pods Manifest.lock";
			outputPaths = (
			);
			runOnlyForDeploymentPostprocessing = 0;
			shellPath = /bin/sh;
			shellScript = "diff \"${PODS_ROOT}/../Podfile.lock\" \"${PODS_ROOT}/Manifest.lock\" > /dev/null\nif [ $? != 0 ] ; then\n    # print error to STDERR\n    echo \"error: The sandbox is not in sync with the Podfile.lock. Run \'pod install\' or update your CocoaPods installation.\" >&2\n    exit 1\nfi\n";
			showEnvVarsInLog = 0;
		};
		6C3A977692CD6C7040B2DC77 /* [CP] Check Pods Manifest.lock */ = {
			isa = PBXShellScriptBuildPhase;
			buildActionMask = 2147483647;
			files = (
			);
			inputPaths = (
			);
			name = "[CP] Check Pods Manifest.lock";
			outputPaths = (
			);
			runOnlyForDeploymentPostprocessing = 0;
			shellPath = /bin/sh;
			shellScript = "diff \"${PODS_ROOT}/../Podfile.lock\" \"${PODS_ROOT}/Manifest.lock\" > /dev/null\nif [ $? != 0 ] ; then\n    # print error to STDERR\n    echo \"error: The sandbox is not in sync with the Podfile.lock. Run \'pod install\' or update your CocoaPods installation.\" >&2\n    exit 1\nfi\n";
			showEnvVarsInLog = 0;
		};
		6DE0002E25C9FE6BA6599CF0 /* [CP] Embed Pods Frameworks */ = {
			isa = PBXShellScriptBuildPhase;
			buildActionMask = 2147483647;
			files = (
			);
			inputPaths = (
			);
			name = "[CP] Embed Pods Frameworks";
			outputPaths = (
			);
			runOnlyForDeploymentPostprocessing = 0;
			shellPath = /bin/sh;
			shellScript = "\"${SRCROOT}/Pods/Target Support Files/Pods-RxGrailedTests/Pods-RxGrailedTests-frameworks.sh\"\n";
			showEnvVarsInLog = 0;
		};
		99BD19BF1FB1C696BB4FB2A1 /* [CP] Copy Pods Resources */ = {
			isa = PBXShellScriptBuildPhase;
			buildActionMask = 2147483647;
			files = (
			);
			inputPaths = (
			);
			name = "[CP] Copy Pods Resources";
			outputPaths = (
			);
			runOnlyForDeploymentPostprocessing = 0;
			shellPath = /bin/sh;
			shellScript = "\"${SRCROOT}/Pods/Target Support Files/Pods-RxGrailedTests/Pods-RxGrailedTests-resources.sh\"\n";
			showEnvVarsInLog = 0;
		};
		C05F39397CF56788C30D2A70 /* [CP] Copy Pods Resources */ = {
			isa = PBXShellScriptBuildPhase;
			buildActionMask = 2147483647;
			files = (
			);
			inputPaths = (
			);
			name = "[CP] Copy Pods Resources";
			outputPaths = (
			);
			runOnlyForDeploymentPostprocessing = 0;
			shellPath = /bin/sh;
			shellScript = "\"${SRCROOT}/Pods/Target Support Files/Pods-RxGrailed/Pods-RxGrailed-resources.sh\"\n";
			showEnvVarsInLog = 0;
		};
/* End PBXShellScriptBuildPhase section */

/* Begin PBXSourcesBuildPhase section */
		A4A395511E61E91000C06A89 /* Sources */ = {
			isa = PBXSourcesBuildPhase;
			buildActionMask = 2147483647;
			files = (
				A430AB181E6258AC00E0C656 /* UIStoryboard+RxGrailed.swift in Sources */,
				A430AB161E6257D800E0C656 /* AppCoordinator.swift in Sources */,
				A430AB111E623BF400E0C656 /* UIScrollView+IsNearBottom.swift in Sources */,
				A4A3955B1E61E91100C06A89 /* ListingsViewController.swift in Sources */,
				A430AB1C1E6266AF00E0C656 /* UIViewController+RxSegues.swift in Sources */,
				A4A395851E6214F200C06A89 /* Algolia+RxSwift.swift in Sources */,
				A4A395591E61E91100C06A89 /* AppDelegate.swift in Sources */,
				A4A395891E62305F00C06A89 /* ListingsViewModel.swift in Sources */,
				A430AB131E624F5D00E0C656 /* ListingDetailViewController.swift in Sources */,
				A4A395871E62275400C06A89 /* ListingCollectionViewCell.swift in Sources */,
				A430AB0F1E62342500E0C656 /* ListingViewModel.swift in Sources */,
				A430AB1A1E62650C00E0C656 /* Array+Safe.swift in Sources */,
				A430AB0D1E6233AC00E0C656 /* Kingfisher+Rx.swift in Sources */,
				A4A395821E62086000C06A89 /* Listing.swift in Sources */,
				A4A395801E61ECA000C06A89 /* GrailedNetworkModel.swift in Sources */,
			);
			runOnlyForDeploymentPostprocessing = 0;
		};
		A4A395651E61E91100C06A89 /* Sources */ = {
			isa = PBXSourcesBuildPhase;
			buildActionMask = 2147483647;
			files = (
				A4A3956E1E61E91100C06A89 /* RxGrailedTests.swift in Sources */,
			);
			runOnlyForDeploymentPostprocessing = 0;
		};
/* End PBXSourcesBuildPhase section */

/* Begin PBXTargetDependency section */
		A4A3956B1E61E91100C06A89 /* PBXTargetDependency */ = {
			isa = PBXTargetDependency;
			target = A4A395541E61E91000C06A89 /* RxGrailed */;
			targetProxy = A4A3956A1E61E91100C06A89 /* PBXContainerItemProxy */;
		};
/* End PBXTargetDependency section */

/* Begin PBXVariantGroup section */
		A4A3955C1E61E91100C06A89 /* Main.storyboard */ = {
			isa = PBXVariantGroup;
			children = (
				A4A3955D1E61E91100C06A89 /* Base */,
			);
			name = Main.storyboard;
			path = .;
			sourceTree = "<group>";
		};
		A4A395611E61E91100C06A89 /* LaunchScreen.storyboard */ = {
			isa = PBXVariantGroup;
			children = (
				A4A395621E61E91100C06A89 /* Base */,
			);
			name = LaunchScreen.storyboard;
			path = .;
			sourceTree = "<group>";
		};
/* End PBXVariantGroup section */

/* Begin XCBuildConfiguration section */
		A4A395701E61E91100C06A89 /* Debug */ = {
			isa = XCBuildConfiguration;
			buildSettings = {
				ALWAYS_SEARCH_USER_PATHS = NO;
				CLANG_ANALYZER_NONNULL = YES;
				CLANG_CXX_LANGUAGE_STANDARD = "gnu++0x";
				CLANG_CXX_LIBRARY = "libc++";
				CLANG_ENABLE_MODULES = YES;
				CLANG_ENABLE_OBJC_ARC = YES;
				CLANG_WARN_BOOL_CONVERSION = YES;
				CLANG_WARN_CONSTANT_CONVERSION = YES;
				CLANG_WARN_DIRECT_OBJC_ISA_USAGE = YES_ERROR;
				CLANG_WARN_DOCUMENTATION_COMMENTS = YES;
				CLANG_WARN_EMPTY_BODY = YES;
				CLANG_WARN_ENUM_CONVERSION = YES;
				CLANG_WARN_INFINITE_RECURSION = YES;
				CLANG_WARN_INT_CONVERSION = YES;
				CLANG_WARN_OBJC_ROOT_CLASS = YES_ERROR;
				CLANG_WARN_SUSPICIOUS_MOVE = YES;
				CLANG_WARN_UNREACHABLE_CODE = YES;
				CLANG_WARN__DUPLICATE_METHOD_MATCH = YES;
				"CODE_SIGN_IDENTITY[sdk=iphoneos*]" = "iPhone Developer";
				COPY_PHASE_STRIP = NO;
				DEBUG_INFORMATION_FORMAT = dwarf;
				ENABLE_STRICT_OBJC_MSGSEND = YES;
				ENABLE_TESTABILITY = YES;
				GCC_C_LANGUAGE_STANDARD = gnu99;
				GCC_DYNAMIC_NO_PIC = NO;
				GCC_NO_COMMON_BLOCKS = YES;
				GCC_OPTIMIZATION_LEVEL = 0;
				GCC_PREPROCESSOR_DEFINITIONS = (
					"DEBUG=1",
					"$(inherited)",
				);
				GCC_WARN_64_TO_32_BIT_CONVERSION = YES;
				GCC_WARN_ABOUT_RETURN_TYPE = YES_ERROR;
				GCC_WARN_UNDECLARED_SELECTOR = YES;
				GCC_WARN_UNINITIALIZED_AUTOS = YES_AGGRESSIVE;
				GCC_WARN_UNUSED_FUNCTION = YES;
				GCC_WARN_UNUSED_VARIABLE = YES;
				IPHONEOS_DEPLOYMENT_TARGET = 10.2;
				MTL_ENABLE_DEBUG_INFO = YES;
				ONLY_ACTIVE_ARCH = YES;
				SDKROOT = iphoneos;
				SWIFT_ACTIVE_COMPILATION_CONDITIONS = DEBUG;
				SWIFT_OPTIMIZATION_LEVEL = "-Onone";
				TARGETED_DEVICE_FAMILY = "1,2";
			};
			name = Debug;
		};
		A4A395711E61E91100C06A89 /* Release */ = {
			isa = XCBuildConfiguration;
			buildSettings = {
				ALWAYS_SEARCH_USER_PATHS = NO;
				CLANG_ANALYZER_NONNULL = YES;
				CLANG_CXX_LANGUAGE_STANDARD = "gnu++0x";
				CLANG_CXX_LIBRARY = "libc++";
				CLANG_ENABLE_MODULES = YES;
				CLANG_ENABLE_OBJC_ARC = YES;
				CLANG_WARN_BOOL_CONVERSION = YES;
				CLANG_WARN_CONSTANT_CONVERSION = YES;
				CLANG_WARN_DIRECT_OBJC_ISA_USAGE = YES_ERROR;
				CLANG_WARN_DOCUMENTATION_COMMENTS = YES;
				CLANG_WARN_EMPTY_BODY = YES;
				CLANG_WARN_ENUM_CONVERSION = YES;
				CLANG_WARN_INFINITE_RECURSION = YES;
				CLANG_WARN_INT_CONVERSION = YES;
				CLANG_WARN_OBJC_ROOT_CLASS = YES_ERROR;
				CLANG_WARN_SUSPICIOUS_MOVE = YES;
				CLANG_WARN_UNREACHABLE_CODE = YES;
				CLANG_WARN__DUPLICATE_METHOD_MATCH = YES;
				"CODE_SIGN_IDENTITY[sdk=iphoneos*]" = "iPhone Developer";
				COPY_PHASE_STRIP = NO;
				DEBUG_INFORMATION_FORMAT = "dwarf-with-dsym";
				ENABLE_NS_ASSERTIONS = NO;
				ENABLE_STRICT_OBJC_MSGSEND = YES;
				GCC_C_LANGUAGE_STANDARD = gnu99;
				GCC_NO_COMMON_BLOCKS = YES;
				GCC_WARN_64_TO_32_BIT_CONVERSION = YES;
				GCC_WARN_ABOUT_RETURN_TYPE = YES_ERROR;
				GCC_WARN_UNDECLARED_SELECTOR = YES;
				GCC_WARN_UNINITIALIZED_AUTOS = YES_AGGRESSIVE;
				GCC_WARN_UNUSED_FUNCTION = YES;
				GCC_WARN_UNUSED_VARIABLE = YES;
				IPHONEOS_DEPLOYMENT_TARGET = 10.2;
				MTL_ENABLE_DEBUG_INFO = NO;
				SDKROOT = iphoneos;
				SWIFT_OPTIMIZATION_LEVEL = "-Owholemodule";
				TARGETED_DEVICE_FAMILY = "1,2";
				VALIDATE_PRODUCT = YES;
			};
			name = Release;
		};
		A4A395731E61E91100C06A89 /* Debug */ = {
			isa = XCBuildConfiguration;
			baseConfigurationReference = 63E97F05B349CD7EBE70FE48 /* Pods-RxGrailed.debug.xcconfig */;
			buildSettings = {
				ASSETCATALOG_COMPILER_APPICON_NAME = AppIcon;
				INFOPLIST_FILE = RxGrailed/Resources/Info.plist;
				LD_RUNPATH_SEARCH_PATHS = "$(inherited) @executable_path/Frameworks";
				PRODUCT_BUNDLE_IDENTIFIER = com.killectro.RxGrailed;
				PRODUCT_NAME = "$(TARGET_NAME)";
				SWIFT_VERSION = 3.0;
			};
			name = Debug;
		};
		A4A395741E61E91100C06A89 /* Release */ = {
			isa = XCBuildConfiguration;
			baseConfigurationReference = 5504A1943AD4A4D7C81796AD /* Pods-RxGrailed.release.xcconfig */;
			buildSettings = {
				ASSETCATALOG_COMPILER_APPICON_NAME = AppIcon;
				INFOPLIST_FILE = RxGrailed/Resources/Info.plist;
				LD_RUNPATH_SEARCH_PATHS = "$(inherited) @executable_path/Frameworks";
				PRODUCT_BUNDLE_IDENTIFIER = com.killectro.RxGrailed;
				PRODUCT_NAME = "$(TARGET_NAME)";
				SWIFT_VERSION = 3.0;
			};
			name = Release;
		};
		A4A395761E61E91100C06A89 /* Debug */ = {
			isa = XCBuildConfiguration;
			baseConfigurationReference = 9FBB6104F66DEB28F4FC3737 /* Pods-RxGrailedTests.debug.xcconfig */;
			buildSettings = {
				ALWAYS_EMBED_SWIFT_STANDARD_LIBRARIES = YES;
				BUNDLE_LOADER = "$(TEST_HOST)";
				INFOPLIST_FILE = RxGrailedTests/Info.plist;
				LD_RUNPATH_SEARCH_PATHS = "$(inherited) @executable_path/Frameworks @loader_path/Frameworks";
				PRODUCT_BUNDLE_IDENTIFIER = com.killectro.RxGrailedTests;
				PRODUCT_NAME = "$(TARGET_NAME)";
				SWIFT_VERSION = 3.0;
				TEST_HOST = "$(BUILT_PRODUCTS_DIR)/RxGrailed.app/RxGrailed";
			};
			name = Debug;
		};
		A4A395771E61E91100C06A89 /* Release */ = {
			isa = XCBuildConfiguration;
			baseConfigurationReference = FEFDACFB632659EEE13844E2 /* Pods-RxGrailedTests.release.xcconfig */;
			buildSettings = {
				ALWAYS_EMBED_SWIFT_STANDARD_LIBRARIES = YES;
				BUNDLE_LOADER = "$(TEST_HOST)";
				INFOPLIST_FILE = RxGrailedTests/Info.plist;
				LD_RUNPATH_SEARCH_PATHS = "$(inherited) @executable_path/Frameworks @loader_path/Frameworks";
				PRODUCT_BUNDLE_IDENTIFIER = com.killectro.RxGrailedTests;
				PRODUCT_NAME = "$(TARGET_NAME)";
				SWIFT_VERSION = 3.0;
				TEST_HOST = "$(BUILT_PRODUCTS_DIR)/RxGrailed.app/RxGrailed";
			};
			name = Release;
		};
/* End XCBuildConfiguration section */

/* Begin XCConfigurationList section */
		A4A395501E61E91000C06A89 /* Build configuration list for PBXProject "RxGrailed" */ = {
			isa = XCConfigurationList;
			buildConfigurations = (
				A4A395701E61E91100C06A89 /* Debug */,
				A4A395711E61E91100C06A89 /* Release */,
			);
			defaultConfigurationIsVisible = 0;
			defaultConfigurationName = Release;
		};
		A4A395721E61E91100C06A89 /* Build configuration list for PBXNativeTarget "RxGrailed" */ = {
			isa = XCConfigurationList;
			buildConfigurations = (
				A4A395731E61E91100C06A89 /* Debug */,
				A4A395741E61E91100C06A89 /* Release */,
			);
			defaultConfigurationIsVisible = 0;
			defaultConfigurationName = Release;
		};
		A4A395751E61E91100C06A89 /* Build configuration list for PBXNativeTarget "RxGrailedTests" */ = {
			isa = XCConfigurationList;
			buildConfigurations = (
				A4A395761E61E91100C06A89 /* Debug */,
				A4A395771E61E91100C06A89 /* Release */,
			);
			defaultConfigurationIsVisible = 0;
			defaultConfigurationName = Release;
		};
/* End XCConfigurationList section */
	};
	rootObject = A4A3954D1E61E91000C06A89 /* Project object */;
}
